
Microsoft Visual Studio Solution File, Format Version 12.00
# Visual Studio 15
VisualStudioVersion = 15.0.28010.2046
MinimumVisualStudioVersion = 10.0.40219.1
Project("{FAE04EC0-301F-11D3-BF4B-00C04F79EFBC}") = "EarningsPerSecond", "EarningsPerSecond.csproj", "{924F9D5C-3630-447A-91C2-99920086DCA6}"
EndProject
Global
	GlobalSection(SolutionConfigurationPlatforms) = preSolution
		Debug|Any CPU = Debug|Any CPU
		Release|Any CPU = Release|Any CPU
	EndGlobalSection
	GlobalSection(ProjectConfigurationPlatforms) = postSolution
		{924F9D5C-3630-447A-91C2-99920086DCA6}.Debug|Any CPU.ActiveCfg = Debug|Any CPU
		{924F9D5C-3630-447A-91C2-99920086DCA6}.Debug|Any CPU.Build.0 = Debug|Any CPU
		{924F9D5C-3630-447A-91C2-99920086DCA6}.Release|Any CPU.ActiveCfg = Release|Any CPU
		{924F9D5C-3630-447A-91C2-99920086DCA6}.Release|Any CPU.Build.0 = Release|Any CPU
	EndGlobalSection
	GlobalSection(SolutionProperties) = preSolution
		HideSolutionNode = FALSE
	EndGlobalSection
	GlobalSection(ExtensibilityGlobals) = postSolution
		SolutionGuid = {0159BD4B-79D9-4DA4-AD85-A837A2D13185}
	EndGlobalSection
EndGlobal
